Microsoft Visual Studio Solution File, Format Version 12.00
# Visual Studio Version 17
VisualStudioVersion = 17.5.2.0
MinimumVisualStudioVersion = 10.0.40219.1
Project("{2150E333-8FDC-42A3-9474-1A3956D46DE8}") = "server", "server", "{7B2FB38D-434C-4AAE-80F4-F1D8F9BAB722}"
EndProject
Project("{FAE04EC0-301F-11D3-BF4B-00C04F79EFBC}") = "BrewIoT.Server.AppHost", "server\BrewIoT.Server.AppHost\BrewIoT.Server.AppHost.csproj", "{0CF7077F-2E2C-476F-BEBF-9064C3565496}"
EndProject
Project("{FAE04EC0-301F-11D3-BF4B-00C04F79EFBC}") = "BrewIoT.Server.ApiService", "server\BrewIoT.Server.ApiService\BrewIoT.Server.ApiService.csproj", "{EDB72EE2-A6F7-4B4E-AC73-64BC6334D70A}"
EndProject
Project("{FAE04EC0-301F-11D3-BF4B-00C04F79EFBC}") = "BrewIoT.Server.ServiceDefaults", "server\BrewIoT.Server.ServiceDefaults\BrewIoT.Server.ServiceDefaults.csproj", "{1A78731F-5B16-45CD-9781-6F72AF47273E}"
EndProject
Project("{FAE04EC0-301F-11D3-BF4B-00C04F79EFBC}") = "BrewIoT.Server.Web", "server\BrewIoT.Server.Web\BrewIoT.Server.Web.csproj", "{B5665320-EF82-4EB2-9A68-C7DA277A36D1}"
EndProject
Project("{2150E333-8FDC-42A3-9474-1A3956D46DE8}") = "device", "device", "{E035C3E4-1918-412C-90DE-7606C3870B5C}"
EndProject
Project("{FAE04EC0-301F-11D3-BF4B-00C04F79EFBC}") = "BrewIoT.Device.Meadow", "device\BrewIoT.Device.Meadow\BrewIoT.Device.Meadow.csproj", "{B0FE3657-C130-4B8A-8DF8-1CA9AE735EFF}"
EndProject
Project("{2150E333-8FDC-42A3-9474-1A3956D46DE8}") = "client", "client", "{2D837206-5AAE-4D40-B50A-A7EE6A3C7051}"
EndProject
Project("{FAE04EC0-301F-11D3-BF4B-00C04F79EFBC}") = "BrewIoT.Client", "client\BrewIoT.Client\BrewIoT.Client.csproj", "{33C91A02-707E-4261-9F5D-52014E151E45}"
EndProject
Project("{FAE04EC0-301F-11D3-BF4B-00C04F79EFBC}") = "BrewIoT.Device.Pi", "device\BrewIoT.Device.Pi\BrewIoT.Device.Pi.csproj", "{C95CF85F-4735-4D5F-916A-09DAEB743226}"
EndProject
Project("{2150E333-8FDC-42A3-9474-1A3956D46DE8}") = "shared", "shared", "{A8DF2D6A-369C-4576-BCC7-33A9CDDF3C96}"
EndProject
Project("{FAE04EC0-301F-11D3-BF4B-00C04F79EFBC}") = "BrewIoT.Shared.Models", "shared\BrewIoT.Shared.Models\BrewIoT.Shared.Models.csproj", "{4780FBB0-92D1-4915-A529-B72D1936755E}"
EndProject
Project("{FAE04EC0-301F-11D3-BF4B-00C04F79EFBC}") = "BrewIoT.Device.Api", "device\BrewIoT.Device.Api\BrewIoT.Device.Api.csproj", "{993F0327-507B-4422-B5C2-0B11CBA1FF83}"
EndProject
Project("{FAE04EC0-301F-11D3-BF4B-00C04F79EFBC}") = "BrewIoT.Server.Data", "server\BrewIoT.Server.Data\BrewIoT.Server.Data.csproj", "{3C88129A-89C9-466D-8C28-9F069901E9E8}"
EndProject
Global
	GlobalSection(SolutionConfigurationPlatforms) = preSolution
		Debug|Any CPU = Debug|Any CPU
		Release|Any CPU = Release|Any CPU
	EndGlobalSection
	GlobalSection(ProjectConfigurationPlatforms) = postSolution
		{0CF7077F-2E2C-476F-BEBF-9064C3565496}.Debug|Any CPU.ActiveCfg = Debug|Any CPU
		{0CF7077F-2E2C-476F-BEBF-9064C3565496}.Debug|Any CPU.Build.0 = Debug|Any CPU
		{0CF7077F-2E2C-476F-BEBF-9064C3565496}.Release|Any CPU.ActiveCfg = Release|Any CPU
		{0CF7077F-2E2C-476F-BEBF-9064C3565496}.Release|Any CPU.Build.0 = Release|Any CPU
		{EDB72EE2-A6F7-4B4E-AC73-64BC6334D70A}.Debug|Any CPU.ActiveCfg = Debug|Any CPU
		{EDB72EE2-A6F7-4B4E-AC73-64BC6334D70A}.Debug|Any CPU.Build.0 = Debug|Any CPU
		{EDB72EE2-A6F7-4B4E-AC73-64BC6334D70A}.Release|Any CPU.ActiveCfg = Release|Any CPU
		{EDB72EE2-A6F7-4B4E-AC73-64BC6334D70A}.Release|Any CPU.Build.0 = Release|Any CPU
		{1A78731F-5B16-45CD-9781-6F72AF47273E}.Debug|Any CPU.ActiveCfg = Debug|Any CPU
		{1A78731F-5B16-45CD-9781-6F72AF47273E}.Debug|Any CPU.Build.0 = Debug|Any CPU
		{1A78731F-5B16-45CD-9781-6F72AF47273E}.Release|Any CPU.ActiveCfg = Release|Any CPU
		{1A78731F-5B16-45CD-9781-6F72AF47273E}.Release|Any CPU.Build.0 = Release|Any CPU
		{B5665320-EF82-4EB2-9A68-C7DA277A36D1}.Debug|Any CPU.ActiveCfg = Debug|Any CPU
		{B5665320-EF82-4EB2-9A68-C7DA277A36D1}.Debug|Any CPU.Build.0 = Debug|Any CPU
		{B5665320-EF82-4EB2-9A68-C7DA277A36D1}.Release|Any CPU.ActiveCfg = Release|Any CPU
		{B5665320-EF82-4EB2-9A68-C7DA277A36D1}.Release|Any CPU.Build.0 = Release|Any CPU
		{B0FE3657-C130-4B8A-8DF8-1CA9AE735EFF}.Debug|Any CPU.ActiveCfg = Debug|Any CPU
		{B0FE3657-C130-4B8A-8DF8-1CA9AE735EFF}.Debug|Any CPU.Build.0 = Debug|Any CPU
		{B0FE3657-C130-4B8A-8DF8-1CA9AE735EFF}.Release|Any CPU.ActiveCfg = Release|Any CPU
		{B0FE3657-C130-4B8A-8DF8-1CA9AE735EFF}.Release|Any CPU.Build.0 = Release|Any CPU
		{33C91A02-707E-4261-9F5D-52014E151E45}.Debug|Any CPU.ActiveCfg = Debug|Any CPU
		{33C91A02-707E-4261-9F5D-52014E151E45}.Debug|Any CPU.Build.0 = Debug|Any CPU
		{33C91A02-707E-4261-9F5D-52014E151E45}.Release|Any CPU.ActiveCfg = Release|Any CPU
		{33C91A02-707E-4261-9F5D-52014E151E45}.Release|Any CPU.Build.0 = Release|Any CPU
		{C95CF85F-4735-4D5F-916A-09DAEB743226}.Debug|Any CPU.ActiveCfg = Debug|Any CPU
		{C95CF85F-4735-4D5F-916A-09DAEB743226}.Debug|Any CPU.Build.0 = Debug|Any CPU
		{C95CF85F-4735-4D5F-916A-09DAEB743226}.Release|Any CPU.ActiveCfg = Release|Any CPU
		{C95CF85F-4735-4D5F-916A-09DAEB743226}.Release|Any CPU.Build.0 = Release|Any CPU
		{4780FBB0-92D1-4915-A529-B72D1936755E}.Debug|Any CPU.ActiveCfg = Debug|Any CPU
		{4780FBB0-92D1-4915-A529-B72D1936755E}.Debug|Any CPU.Build.0 = Debug|Any CPU
		{4780FBB0-92D1-4915-A529-B72D1936755E}.Release|Any CPU.ActiveCfg = Release|Any CPU
		{4780FBB0-92D1-4915-A529-B72D1936755E}.Release|Any CPU.Build.0 = Release|Any CPU
		{993F0327-507B-4422-B5C2-0B11CBA1FF83}.Debug|Any CPU.ActiveCfg = Debug|Any CPU
		{993F0327-507B-4422-B5C2-0B11CBA1FF83}.Debug|Any CPU.Build.0 = Debug|Any CPU
		{993F0327-507B-4422-B5C2-0B11CBA1FF83}.Release|Any CPU.ActiveCfg = Release|Any CPU
		{993F0327-507B-4422-B5C2-0B11CBA1FF83}.Release|Any CPU.Build.0 = Release|Any CPU
		{3C88129A-89C9-466D-8C28-9F069901E9E8}.Debug|Any CPU.ActiveCfg = Debug|Any CPU
		{3C88129A-89C9-466D-8C28-9F069901E9E8}.Debug|Any CPU.Build.0 = Debug|Any CPU
		{3C88129A-89C9-466D-8C28-9F069901E9E8}.Release|Any CPU.ActiveCfg = Release|Any CPU
		{3C88129A-89C9-466D-8C28-9F069901E9E8}.Release|Any CPU.Build.0 = Release|Any CPU
	EndGlobalSection
	GlobalSection(SolutionProperties) = preSolution
		HideSolutionNode = FALSE
	EndGlobalSection
	GlobalSection(NestedProjects) = preSolution
		{0CF7077F-2E2C-476F-BEBF-9064C3565496} = {7B2FB38D-434C-4AAE-80F4-F1D8F9BAB722}
		{EDB72EE2-A6F7-4B4E-AC73-64BC6334D70A} = {7B2FB38D-434C-4AAE-80F4-F1D8F9BAB722}
		{1A78731F-5B16-45CD-9781-6F72AF47273E} = {7B2FB38D-434C-4AAE-80F4-F1D8F9BAB722}
		{B5665320-EF82-4EB2-9A68-C7DA277A36D1} = {7B2FB38D-434C-4AAE-80F4-F1D8F9BAB722}
		{B0FE3657-C130-4B8A-8DF8-1CA9AE735EFF} = {E035C3E4-1918-412C-90DE-7606C3870B5C}
		{33C91A02-707E-4261-9F5D-52014E151E45} = {2D837206-5AAE-4D40-B50A-A7EE6A3C7051}
		{C95CF85F-4735-4D5F-916A-09DAEB743226} = {E035C3E4-1918-412C-90DE-7606C3870B5C}
		{4780FBB0-92D1-4915-A529-B72D1936755E} = {A8DF2D6A-369C-4576-BCC7-33A9CDDF3C96}
		{993F0327-507B-4422-B5C2-0B11CBA1FF83} = {E035C3E4-1918-412C-90DE-7606C3870B5C}
		{3C88129A-89C9-466D-8C28-9F069901E9E8} = {7B2FB38D-434C-4AAE-80F4-F1D8F9BAB722}
	EndGlobalSection
	GlobalSection(ExtensibilityGlobals) = postSolution
		SolutionGuid = {96C69449-0BA8-4046-8EC6-AC6B82693416}
	EndGlobalSection
EndGlobal
