Microsoft Visual Studio Solution File, Format Version 12.00
# Visual Studio Version 17
VisualStudioVersion = 17.5.2.0
MinimumVisualStudioVersion = 10.0.40219.1
Project("{2150E333-8FDC-42A3-9474-1A3956D46DE8}") = "device", "device", "{9643DECB-9EC0-AC69-71B3-F187699376E7}"
EndProject
Project("{FAE04EC0-301F-11D3-BF4B-00C04F79EFBC}") = "BrewIoT.Meadow", "device\BrewIoT.Meadow\BrewIoT.Meadow.csproj", "{81DE299F-4DCD-07E0-4850-3ED8A1E308BE}"
EndProject
Global
	GlobalSection(SolutionConfigurationPlatforms) = preSolution
		Debug|Any CPU = Debug|Any CPU
		Release|Any CPU = Release|Any CPU
	EndGlobalSection
	GlobalSection(ProjectConfigurationPlatforms) = postSolution
		{81DE299F-4DCD-07E0-4850-3ED8A1E308BE}.Debug|Any CPU.ActiveCfg = Debug|Any CPU
		{81DE299F-4DCD-07E0-4850-3ED8A1E308BE}.Debug|Any CPU.Build.0 = Debug|Any CPU
		{81DE299F-4DCD-07E0-4850-3ED8A1E308BE}.Release|Any CPU.ActiveCfg = Release|Any CPU
		{81DE299F-4DCD-07E0-4850-3ED8A1E308BE}.Release|Any CPU.Build.0 = Release|Any CPU
	EndGlobalSection
	GlobalSection(SolutionProperties) = preSolution
		HideSolutionNode = FALSE
	EndGlobalSection
	GlobalSection(NestedProjects) = preSolution
		{81DE299F-4DCD-07E0-4850-3ED8A1E308BE} = {9643DECB-9EC0-AC69-71B3-F187699376E7}
	EndGlobalSection
	GlobalSection(ExtensibilityGlobals) = postSolution
		SolutionGuid = {96C69449-0BA8-4046-8EC6-AC6B82693416}
	EndGlobalSection
EndGlobal
